
Microsoft Visual Studio Solution File, Format Version 12.00
# Visual Studio Version 16
VisualStudioVersion = 16.0.30104.148
MinimumVisualStudioVersion = 10.0.40219.1
Project("{FAE04EC0-301F-11D3-BF4B-00C04F79EFBC}") = "WpfMemoryCards", "WpfMemoryCards\WpfMemoryCards.csproj", "{281C0EC7-0698-4A4B-83CC-8F90A16E6A52}"
EndProject
Project("{FAE04EC0-301F-11D3-BF4B-00C04F79EFBC}") = "FilteredListViewControl", "..\..\..\..\Downloads\FilteredListViewSourceCode\FilteredListViewSourceCode\FilteredListViewControl\FilteredListViewControl.csproj", "{98F7F20F-59F2-4636-B0EA-88829D75F2FC}"
EndProject
Global
	GlobalSection(SolutionConfigurationPlatforms) = preSolution
		Debug|Any CPU = Debug|Any CPU
		Release|Any CPU = Release|Any CPU
	EndGlobalSection
	GlobalSection(ProjectConfigurationPlatforms) = postSolution
		{281C0EC7-0698-4A4B-83CC-8F90A16E6A52}.Debug|Any CPU.ActiveCfg = Debug|Any CPU
		{281C0EC7-0698-4A4B-83CC-8F90A16E6A52}.Debug|Any CPU.Build.0 = Debug|Any CPU
		{281C0EC7-0698-4A4B-83CC-8F90A16E6A52}.Release|Any CPU.ActiveCfg = Release|Any CPU
		{281C0EC7-0698-4A4B-83CC-8F90A16E6A52}.Release|Any CPU.Build.0 = Release|Any CPU
		{98F7F20F-59F2-4636-B0EA-88829D75F2FC}.Debug|Any CPU.ActiveCfg = Debug|Any CPU
		{98F7F20F-59F2-4636-B0EA-88829D75F2FC}.Debug|Any CPU.Build.0 = Debug|Any CPU
		{98F7F20F-59F2-4636-B0EA-88829D75F2FC}.Release|Any CPU.ActiveCfg = Release|Any CPU
		{98F7F20F-59F2-4636-B0EA-88829D75F2FC}.Release|Any CPU.Build.0 = Release|Any CPU
	EndGlobalSection
	GlobalSection(SolutionProperties) = preSolution
		HideSolutionNode = FALSE
	EndGlobalSection
	GlobalSection(ExtensibilityGlobals) = postSolution
		SolutionGuid = {960CFC95-300E-4C1B-B828-DC84555C0418}
	EndGlobalSection
EndGlobal
